// !$*UTF8*$!
{
	archiveVersion = 1;
	classes = {
	};
	objectVersion = 56;
	objects = {

/* Begin PBXBuildFile section */
		155AE0702BFA2D9800CA5B76 /* AppDelegate.swift in Sources */ = {isa = PBXBuildFile; fileRef = 155AE06F2BFA2D9800CA5B76 /* AppDelegate.swift */; };
		155AE0722BFA2D9800CA5B76 /* SceneDelegate.swift in Sources */ = {isa = PBXBuildFile; fileRef = 155AE0712BFA2D9800CA5B76 /* SceneDelegate.swift */; };
		155AE0742BFA2D9800CA5B76 /* ViewController.swift in Sources */ = {isa = PBXBuildFile; fileRef = 155AE0732BFA2D9800CA5B76 /* ViewController.swift */; };
		155AE0772BFA2D9800CA5B76 /* Main.storyboard in Resources */ = {isa = PBXBuildFile; fileRef = 155AE0752BFA2D9800CA5B76 /* Main.storyboard */; };
		155AE0792BFA2D9D00CA5B76 /* Assets.xcassets in Resources */ = {isa = PBXBuildFile; fileRef = 155AE0782BFA2D9D00CA5B76 /* Assets.xcassets */; };
		155AE07C2BFA2D9D00CA5B76 /* LaunchScreen.storyboard in Resources */ = {isa = PBXBuildFile; fileRef = 155AE07A2BFA2D9D00CA5B76 /* LaunchScreen.storyboard */; };
		155AE0882BFA31EE00CA5B76 /* buttonTableViewCell.swift in Sources */ = {isa = PBXBuildFile; fileRef = 155AE0862BFA31EE00CA5B76 /* buttonTableViewCell.swift */; };
		155AE0892BFA31EE00CA5B76 /* buttonTableViewCell.xib in Resources */ = {isa = PBXBuildFile; fileRef = 155AE0872BFA31EE00CA5B76 /* buttonTableViewCell.xib */; };
		155AE08B2BFA455F00CA5B76 /* AViewController.swift in Sources */ = {isa = PBXBuildFile; fileRef = 155AE08A2BFA455F00CA5B76 /* AViewController.swift */; };
		155AE08D2BFA456D00CA5B76 /* BViewController.swift in Sources */ = {isa = PBXBuildFile; fileRef = 155AE08C2BFA456D00CA5B76 /* BViewController.swift */; };
/* End PBXBuildFile section */

/* Begin PBXFileReference section */
		155AE06C2BFA2D9800CA5B76 /* SendDataCell.app */ = {isa = PBXFileReference; explicitFileType = wrapper.application; includeInIndex = 0; path = SendDataCell.app; sourceTree = BUILT_PRODUCTS_DIR; };
		155AE06F2BFA2D9800CA5B76 /* AppDelegate.swift */ = {isa = PBXFileReference; lastKnownFileType = sourcecode.swift; path = AppDelegate.swift; sourceTree = "<group>"; };
		155AE0712BFA2D9800CA5B76 /* SceneDelegate.swift */ = {isa = PBXFileReference; lastKnownFileType = sourcecode.swift; path = SceneDelegate.swift; sourceTree = "<group>"; };
		155AE0732BFA2D9800CA5B76 /* ViewController.swift */ = {isa = PBXFileReference; lastKnownFileType = sourcecode.swift; path = ViewController.swift; sourceTree = "<group>"; };
		155AE0762BFA2D9800CA5B76 /* Base */ = {isa = PBXFileReference; lastKnownFileType = file.storyboard; name = Base; path = Base.lproj/Main.storyboard; sourceTree = "<group>"; };
		155AE0782BFA2D9D00CA5B76 /* Assets.xcassets */ = {isa = PBXFileReference; lastKnownFileType = folder.assetcatalog; path = Assets.xcassets; sourceTree = "<group>"; };
		155AE07B2BFA2D9D00CA5B76 /* Base */ = {isa = PBXFileReference; lastKnownFileType = file.storyboard; name = Base; path = Base.lproj/LaunchScreen.storyboard; sourceTree = "<group>"; };
		155AE07D2BFA2D9D00CA5B76 /* Info.plist */ = {isa = PBXFileReference; lastKnownFileType = text.plist.xml; path = Info.plist; sourceTree = "<group>"; };
		155AE0862BFA31EE00CA5B76 /* buttonTableViewCell.swift */ = {isa = PBXFileReference; lastKnownFileType = sourcecode.swift; path = buttonTableViewCell.swift; sourceTree = "<group>"; };
		155AE0872BFA31EE00CA5B76 /* buttonTableViewCell.xib */ = {isa = PBXFileReference; lastKnownFileType = file.xib; path = buttonTableViewCell.xib; sourceTree = "<group>"; };
		155AE08A2BFA455F00CA5B76 /* AViewController.swift */ = {isa = PBXFileReference; lastKnownFileType = sourcecode.swift; path = AViewController.swift; sourceTree = "<group>"; };
		155AE08C2BFA456D00CA5B76 /* BViewController.swift */ = {isa = PBXFileReference; lastKnownFileType = sourcecode.swift; path = BViewController.swift; sourceTree = "<group>"; };
/* End PBXFileReference section */

/* Begin PBXFrameworksBuildPhase section */
		155AE0692BFA2D9800CA5B76 /* Frameworks */ = {
			isa = PBXFrameworksBuildPhase;
			buildActionMask = 2147483647;
			files = (
			);
			runOnlyForDeploymentPostprocessing = 0;
		};
/* End PBXFrameworksBuildPhase section */

/* Begin PBXGroup section */
		155AE0632BFA2D9800CA5B76 = {
			isa = PBXGroup;
			children = (
				155AE06E2BFA2D9800CA5B76 /* SendDataCell */,
				155AE06D2BFA2D9800CA5B76 /* Products */,
			);
			sourceTree = "<group>";
		};
		155AE06D2BFA2D9800CA5B76 /* Products */ = {
			isa = PBXGroup;
			children = (
				155AE06C2BFA2D9800CA5B76 /* SendDataCell.app */,
			);
			name = Products;
			sourceTree = "<group>";
		};
		155AE06E2BFA2D9800CA5B76 /* SendDataCell */ = {
			isa = PBXGroup;
			children = (
				155AE0832BFA318900CA5B76 /* Cell */,
				155AE06F2BFA2D9800CA5B76 /* AppDelegate.swift */,
				155AE0712BFA2D9800CA5B76 /* SceneDelegate.swift */,
				155AE0732BFA2D9800CA5B76 /* ViewController.swift */,
				155AE0752BFA2D9800CA5B76 /* Main.storyboard */,
				155AE0782BFA2D9D00CA5B76 /* Assets.xcassets */,
				155AE07A2BFA2D9D00CA5B76 /* LaunchScreen.storyboard */,
				155AE07D2BFA2D9D00CA5B76 /* Info.plist */,
				155AE08A2BFA455F00CA5B76 /* AViewController.swift */,
				155AE08C2BFA456D00CA5B76 /* BViewController.swift */,
			);
			path = SendDataCell;
			sourceTree = "<group>";
		};
		155AE0832BFA318900CA5B76 /* Cell */ = {
			isa = PBXGroup;
			children = (
				155AE0862BFA31EE00CA5B76 /* buttonTableViewCell.swift */,
				155AE0872BFA31EE00CA5B76 /* buttonTableViewCell.xib */,
			);
			path = Cell;
			sourceTree = "<group>";
		};
/* End PBXGroup section */

/* Begin PBXNativeTarget section */
		155AE06B2BFA2D9800CA5B76 /* SendDataCell */ = {
			isa = PBXNativeTarget;
			buildConfigurationList = 155AE0802BFA2D9D00CA5B76 /* Build configuration list for PBXNativeTarget "SendDataCell" */;
			buildPhases = (
				155AE0682BFA2D9800CA5B76 /* Sources */,
				155AE0692BFA2D9800CA5B76 /* Frameworks */,
				155AE06A2BFA2D9800CA5B76 /* Resources */,
			);
			buildRules = (
			);
			dependencies = (
			);
			name = SendDataCell;
			productName = SendDataCell;
			productReference = 155AE06C2BFA2D9800CA5B76 /* SendDataCell.app */;
			productType = "com.apple.product-type.application";
		};
/* End PBXNativeTarget section */

/* Begin PBXProject section */
		155AE0642BFA2D9800CA5B76 /* Project object */ = {
			isa = PBXProject;
			attributes = {
				BuildIndependentTargetsInParallel = 1;
				LastSwiftUpdateCheck = 1430;
				LastUpgradeCheck = 1430;
				TargetAttributes = {
					155AE06B2BFA2D9800CA5B76 = {
						CreatedOnToolsVersion = 14.3.1;
					};
				};
			};
			buildConfigurationList = 155AE0672BFA2D9800CA5B76 /* Build configuration list for PBXProject "SendDataCell" */;
			compatibilityVersion = "Xcode 14.0";
			developmentRegion = en;
			hasScannedForEncodings = 0;
			knownRegions = (
				en,
				Base,
			);
			mainGroup = 155AE0632BFA2D9800CA5B76;
			productRefGroup = 155AE06D2BFA2D9800CA5B76 /* Products */;
			projectDirPath = "";
			projectRoot = "";
			targets = (
				155AE06B2BFA2D9800CA5B76 /* SendDataCell */,
			);
		};
/* End PBXProject section */

/* Begin PBXResourcesBuildPhase section */
		155AE06A2BFA2D9800CA5B76 /* Resources */ = {
			isa = PBXResourcesBuildPhase;
			buildActionMask = 2147483647;
			files = (
				155AE07C2BFA2D9D00CA5B76 /* LaunchScreen.storyboard in Resources */,
				155AE0792BFA2D9D00CA5B76 /* Assets.xcassets in Resources */,
				155AE0772BFA2D9800CA5B76 /* Main.storyboard in Resources */,
				155AE0892BFA31EE00CA5B76 /* buttonTableViewCell.xib in Resources */,
			);
			runOnlyForDeploymentPostprocessing = 0;
		};
/* End PBXResourcesBuildPhase section */

/* Begin PBXSourcesBuildPhase section */
		155AE0682BFA2D9800CA5B76 /* Sources */ = {
			isa = PBXSourcesBuildPhase;
			buildActionMask = 2147483647;
			files = (
				155AE0742BFA2D9800CA5B76 /* ViewController.swift in Sources */,
				155AE08D2BFA456D00CA5B76 /* BViewController.swift in Sources */,
				155AE0702BFA2D9800CA5B76 /* AppDelegate.swift in Sources */,
				155AE0722BFA2D9800CA5B76 /* SceneDelegate.swift in Sources */,
				155AE0882BFA31EE00CA5B76 /* buttonTableViewCell.swift in Sources */,
				155AE08B2BFA455F00CA5B76 /* AViewController.swift in Sources */,
			);
			runOnlyForDeploymentPostprocessing = 0;
		};
/* End PBXSourcesBuildPhase section */

/* Begin PBXVariantGroup section */
		155AE0752BFA2D9800CA5B76 /* Main.storyboard */ = {
			isa = PBXVariantGroup;
			children = (
				155AE0762BFA2D9800CA5B76 /* Base */,
			);
			name = Main.storyboard;
			sourceTree = "<group>";
		};
		155AE07A2BFA2D9D00CA5B76 /* LaunchScreen.storyboard */ = {
			isa = PBXVariantGroup;
			children = (
				155AE07B2BFA2D9D00CA5B76 /* Base */,
			);
			name = LaunchScreen.storyboard;
			sourceTree = "<group>";
		};
/* End PBXVariantGroup section */

/* Begin XCBuildConfiguration section */
		155AE07E2BFA2D9D00CA5B76 /* Debug */ = {
			isa = XCBuildConfiguration;
			buildSettings = {
				ALWAYS_SEARCH_USER_PATHS = NO;
				CLANG_ANALYZER_NONNULL = YES;
				CLANG_ANALYZER_NUMBER_OBJECT_CONVERSION = YES_AGGRESSIVE;
				CLANG_CXX_LANGUAGE_STANDARD = "gnu++20";
				CLANG_ENABLE_MODULES = YES;
				CLANG_ENABLE_OBJC_ARC = YES;
				CLANG_ENABLE_OBJC_WEAK = YES;
				CLANG_WARN_BLOCK_CAPTURE_AUTORELEASING = YES;
				CLANG_WARN_BOOL_CONVERSION = YES;
				CLANG_WARN_COMMA = YES;
				CLANG_WARN_CONSTANT_CONVERSION = YES;
				CLANG_WARN_DEPRECATED_OBJC_IMPLEMENTATIONS = YES;
				CLANG_WARN_DIRECT_OBJC_ISA_USAGE = YES_ERROR;
				CLANG_WARN_DOCUMENTATION_COMMENTS = YES;
				CLANG_WARN_EMPTY_BODY = YES;
				CLANG_WARN_ENUM_CONVERSION = YES;
				CLANG_WARN_INFINITE_RECURSION = YES;
				CLANG_WARN_INT_CONVERSION = YES;
				CLANG_WARN_NON_LITERAL_NULL_CONVERSION = YES;
				CLANG_WARN_OBJC_IMPLICIT_RETAIN_SELF = YES;
				CLANG_WARN_OBJC_LITERAL_CONVERSION = YES;
				CLANG_WARN_OBJC_ROOT_CLASS = YES_ERROR;
				CLANG_WARN_QUOTED_INCLUDE_IN_FRAMEWORK_HEADER = YES;
				CLANG_WARN_RANGE_LOOP_ANALYSIS = YES;
				CLANG_WARN_STRICT_PROTOTYPES = YES;
				CLANG_WARN_SUSPICIOUS_MOVE = YES;
				CLANG_WARN_UNGUARDED_AVAILABILITY = YES_AGGRESSIVE;
				CLANG_WARN_UNREACHABLE_CODE = YES;
				CLANG_WARN__DUPLICATE_METHOD_MATCH = YES;
				COPY_PHASE_STRIP = NO;
				DEBUG_INFORMATION_FORMAT = dwarf;
				ENABLE_STRICT_OBJC_MSGSEND = YES;
				ENABLE_TESTABILITY = YES;
				GCC_C_LANGUAGE_STANDARD = gnu11;
				GCC_DYNAMIC_NO_PIC = NO;
				GCC_NO_COMMON_BLOCKS = YES;
				GCC_OPTIMIZATION_LEVEL = 0;
				GCC_PREPROCESSOR_DEFINITIONS = (
					"DEBUG=1",
					"$(inherited)",
				);
				GCC_WARN_64_TO_32_BIT_CONVERSION = YES;
				GCC_WARN_ABOUT_RETURN_TYPE = YES_ERROR;
				GCC_WARN_UNDECLARED_SELECTOR = YES;
				GCC_WARN_UNINITIALIZED_AUTOS = YES_AGGRESSIVE;
				GCC_WARN_UNUSED_FUNCTION = YES;
				GCC_WARN_UNUSED_VARIABLE = YES;
				IPHONEOS_DEPLOYMENT_TARGET = 16.4;
				MTL_ENABLE_DEBUG_INFO = INCLUDE_SOURCE;
				MTL_FAST_MATH = YES;
				ONLY_ACTIVE_ARCH = YES;
				SDKROOT = iphoneos;
				SWIFT_ACTIVE_COMPILATION_CONDITIONS = DEBUG;
				SWIFT_OPTIMIZATION_LEVEL = "-Onone";
			};
			name = Debug;
		};
		155AE07F2BFA2D9D00CA5B76 /* Release */ = {
			isa = XCBuildConfiguration;
			buildSettings = {
				ALWAYS_SEARCH_USER_PATHS = NO;
				CLANG_ANALYZER_NONNULL = YES;
				CLANG_ANALYZER_NUMBER_OBJECT_CONVERSION = YES_AGGRESSIVE;
				CLANG_CXX_LANGUAGE_STANDARD = "gnu++20";
				CLANG_ENABLE_MODULES = YES;
				CLANG_ENABLE_OBJC_ARC = YES;
				CLANG_ENABLE_OBJC_WEAK = YES;
				CLANG_WARN_BLOCK_CAPTURE_AUTORELEASING = YES;
				CLANG_WARN_BOOL_CONVERSION = YES;
				CLANG_WARN_COMMA = YES;
				CLANG_WARN_CONSTANT_CONVERSION = YES;
				CLANG_WARN_DEPRECATED_OBJC_IMPLEMENTATIONS = YES;
				CLANG_WARN_DIRECT_OBJC_ISA_USAGE = YES_ERROR;
				CLANG_WARN_DOCUMENTATION_COMMENTS = YES;
				CLANG_WARN_EMPTY_BODY = YES;
				CLANG_WARN_ENUM_CONVERSION = YES;
				CLANG_WARN_INFINITE_RECURSION = YES;
				CLANG_WARN_INT_CONVERSION = YES;
				CLANG_WARN_NON_LITERAL_NULL_CONVERSION = YES;
				CLANG_WARN_OBJC_IMPLICIT_RETAIN_SELF = YES;
				CLANG_WARN_OBJC_LITERAL_CONVERSION = YES;
				CLANG_WARN_OBJC_ROOT_CLASS = YES_ERROR;
				CLANG_WARN_QUOTED_INCLUDE_IN_FRAMEWORK_HEADER = YES;
				CLANG_WARN_RANGE_LOOP_ANALYSIS = YES;
				CLANG_WARN_STRICT_PROTOTYPES = YES;
				CLANG_WARN_SUSPICIOUS_MOVE = YES;
				CLANG_WARN_UNGUARDED_AVAILABILITY = YES_AGGRESSIVE;
				CLANG_WARN_UNREACHABLE_CODE = YES;
				CLANG_WARN__DUPLICATE_METHOD_MATCH = YES;
				COPY_PHASE_STRIP = NO;
				DEBUG_INFORMATION_FORMAT = "dwarf-with-dsym";
				ENABLE_NS_ASSERTIONS = NO;
				ENABLE_STRICT_OBJC_MSGSEND = YES;
				GCC_C_LANGUAGE_STANDARD = gnu11;
				GCC_NO_COMMON_BLOCKS = YES;
				GCC_WARN_64_TO_32_BIT_CONVERSION = YES;
				GCC_WARN_ABOUT_RETURN_TYPE = YES_ERROR;
				GCC_WARN_UNDECLARED_SELECTOR = YES;
				GCC_WARN_UNINITIALIZED_AUTOS = YES_AGGRESSIVE;
				GCC_WARN_UNUSED_FUNCTION = YES;
				GCC_WARN_UNUSED_VARIABLE = YES;
				IPHONEOS_DEPLOYMENT_TARGET = 16.4;
				MTL_ENABLE_DEBUG_INFO = NO;
				MTL_FAST_MATH = YES;
				SDKROOT = iphoneos;
				SWIFT_COMPILATION_MODE = wholemodule;
				SWIFT_OPTIMIZATION_LEVEL = "-O";
				VALIDATE_PRODUCT = YES;
			};
			name = Release;
		};
		155AE0812BFA2D9D00CA5B76 /* Debug */ = {
			isa = XCBuildConfiguration;
			buildSettings = {
				ASSETCATALOG_COMPILER_APPICON_NAME = AppIcon;
				ASSETCATALOG_COMPILER_GLOBAL_ACCENT_COLOR_NAME = AccentColor;
				CODE_SIGN_STYLE = Automatic;
				CURRENT_PROJECT_VERSION = 1;
				DEVELOPMENT_TEAM = ZP57XFKK68;
				GENERATE_INFOPLIST_FILE = YES;
				INFOPLIST_FILE = SendDataCell/Info.plist;
				INFOPLIST_KEY_UIApplicationSupportsIndirectInputEvents = YES;
				INFOPLIST_KEY_UILaunchStoryboardName = LaunchScreen;
				INFOPLIST_KEY_UIMainStoryboardFile = Main;
				INFOPLIST_KEY_UISupportedInterfaceOrientations_iPad = "UIInterfaceOrientationPortrait UIInterfaceOrientationPortraitUpsideDown UIInterfaceOrientationLandscapeLeft UIInterfaceOrientationLandscapeRight";
				INFOPLIST_KEY_UISupportedInterfaceOrientations_iPhone = "UIInterfaceOrientationPortrait UIInterfaceOrientationLandscapeLeft UIInterfaceOrientationLandscapeRight";
				LD_RUNPATH_SEARCH_PATHS = (
					"$(inherited)",
					"@executable_path/Frameworks",
				);
				MARKETING_VERSION = 1.0;
				PRODUCT_BUNDLE_IDENTIFIER = com.abdurrahmankaraoluk.SendDataCell;
				PRODUCT_NAME = "$(TARGET_NAME)";
				SWIFT_EMIT_LOC_STRINGS = YES;
				SWIFT_VERSION = 5.0;
				TARGETED_DEVICE_FAMILY = "1,2";
			};
			name = Debug;
		};
		155AE0822BFA2D9D00CA5B76 /* Release */ = {
			isa = XCBuildConfiguration;
			buildSettings = {
				ASSETCATALOG_COMPILER_APPICON_NAME = AppIcon;
				ASSETCATALOG_COMPILER_GLOBAL_ACCENT_COLOR_NAME = AccentColor;
				CODE_SIGN_STYLE = Automatic;
				CURRENT_PROJECT_VERSION = 1;
				DEVELOPMENT_TEAM = ZP57XFKK68;
				GENERATE_INFOPLIST_FILE = YES;
				INFOPLIST_FILE = SendDataCell/Info.plist;
				INFOPLIST_KEY_UIApplicationSupportsIndirectInputEvents = YES;
				INFOPLIST_KEY_UILaunchStoryboardName = LaunchScreen;
				INFOPLIST_KEY_UIMainStoryboardFile = Main;
				INFOPLIST_KEY_UISupportedInterfaceOrientations_iPad = "UIInterfaceOrientationPortrait UIInterfaceOrientationPortraitUpsideDown UIInterfaceOrientationLandscapeLeft UIInterfaceOrientationLandscapeRight";
				INFOPLIST_KEY_UISupportedInterfaceOrientations_iPhone = "UIInterfaceOrientationPortrait UIInterfaceOrientationLandscapeLeft UIInterfaceOrientationLandscapeRight";
				LD_RUNPATH_SEARCH_PATHS = (
					"$(inherited)",
					"@executable_path/Frameworks",
				);
				MARKETING_VERSION = 1.0;
				PRODUCT_BUNDLE_IDENTIFIER = com.abdurrahmankaraoluk.SendDataCell;
				PRODUCT_NAME = "$(TARGET_NAME)";
				SWIFT_EMIT_LOC_STRINGS = YES;
				SWIFT_VERSION = 5.0;
				TARGETED_DEVICE_FAMILY = "1,2";
			};
			name = Release;
		};
/* End XCBuildConfiguration section */

/* Begin XCConfigurationList section */
		155AE0672BFA2D9800CA5B76 /* Build configuration list for PBXProject "SendDataCell" */ = {
			isa = XCConfigurationList;
			buildConfigurations = (
				155AE07E2BFA2D9D00CA5B76 /* Debug */,
				155AE07F2BFA2D9D00CA5B76 /* Release */,
			);
			defaultConfigurationIsVisible = 0;
			defaultConfigurationName = Release;
		};
		155AE0802BFA2D9D00CA5B76 /* Build configuration list for PBXNativeTarget "SendDataCell" */ = {
			isa = XCConfigurationList;
			buildConfigurations = (
				155AE0812BFA2D9D00CA5B76 /* Debug */,
				155AE0822BFA2D9D00CA5B76 /* Release */,
			);
			defaultConfigurationIsVisible = 0;
			defaultConfigurationName = Release;
		};
/* End XCConfigurationList section */
	};
	rootObject = 155AE0642BFA2D9800CA5B76 /* Project object */;
}
